// !$*UTF8*$!
{
	archiveVersion = 1;
	classes = {
	};
	objectVersion = 46;
	objects = {

/* Begin PBXBuildFile section */
		2842CF241B3EB09F0099A4E7 /* main.m in Sources */ = {isa = PBXBuildFile; fileRef = 2842CF231B3EB09F0099A4E7 /* main.m */; };
		2842CF271B3EB09F0099A4E7 /* AppDelegate.m in Sources */ = {isa = PBXBuildFile; fileRef = 2842CF261B3EB09F0099A4E7 /* AppDelegate.m */; };
		2842CF2A1B3EB09F0099A4E7 /* ViewController.m in Sources */ = {isa = PBXBuildFile; fileRef = 2842CF291B3EB09F0099A4E7 /* ViewController.m */; };
		2842CF2D1B3EB09F0099A4E7 /* Main.storyboard in Resources */ = {isa = PBXBuildFile; fileRef = 2842CF2B1B3EB09F0099A4E7 /* Main.storyboard */; };
		2842CF2F1B3EB09F0099A4E7 /* Images.xcassets in Resources */ = {isa = PBXBuildFile; fileRef = 2842CF2E1B3EB09F0099A4E7 /* Images.xcassets */; };
		2842CF321B3EB09F0099A4E7 /* LaunchScreen.xib in Resources */ = {isa = PBXBuildFile; fileRef = 2842CF301B3EB09F0099A4E7 /* LaunchScreen.xib */; };
		2842CF3E1B3EB09F0099A4E7 /* imaginariumTests.m in Sources */ = {isa = PBXBuildFile; fileRef = 2842CF3D1B3EB09F0099A4E7 /* imaginariumTests.m */; };
/* End PBXBuildFile section */

/* Begin PBXContainerItemProxy section */
		2842CF381B3EB09F0099A4E7 /* PBXContainerItemProxy */ = {
			isa = PBXContainerItemProxy;
			containerPortal = 2842CF161B3EB09F0099A4E7 /* Project object */;
			proxyType = 1;
			remoteGlobalIDString = 2842CF1D1B3EB09F0099A4E7;
			remoteInfo = imaginarium;
		};
/* End PBXContainerItemProxy section */

/* Begin PBXFileReference section */
		2842CF1E1B3EB09F0099A4E7 /* imaginarium.app */ = {isa = PBXFileReference; explicitFileType = wrapper.application; includeInIndex = 0; path = imaginarium.app; sourceTree = BUILT_PRODUCTS_DIR; };
		2842CF221B3EB09F0099A4E7 /* Info.plist */ = {isa = PBXFileReference; lastKnownFileType = text.plist.xml; path = Info.plist; sourceTree = "<group>"; };
		2842CF231B3EB09F0099A4E7 /* main.m */ = {isa = PBXFileReference; lastKnownFileType = sourcecode.c.objc; path = main.m; sourceTree = "<group>"; };
		2842CF251B3EB09F0099A4E7 /* AppDelegate.h */ = {isa = PBXFileReference; lastKnownFileType = sourcecode.c.h; path = AppDelegate.h; sourceTree = "<group>"; };
		2842CF261B3EB09F0099A4E7 /* AppDelegate.m */ = {isa = PBXFileReference; lastKnownFileType = sourcecode.c.objc; path = AppDelegate.m; sourceTree = "<group>"; };
		2842CF281B3EB09F0099A4E7 /* ViewController.h */ = {isa = PBXFileReference; lastKnownFileType = sourcecode.c.h; path = ViewController.h; sourceTree = "<group>"; };
		2842CF291B3EB09F0099A4E7 /* ViewController.m */ = {isa = PBXFileReference; lastKnownFileType = sourcecode.c.objc; path = ViewController.m; sourceTree = "<group>"; };
		2842CF2C1B3EB09F0099A4E7 /* Base */ = {isa = PBXFileReference; lastKnownFileType = file.storyboard; name = Base; path = Base.lproj/Main.storyboard; sourceTree = "<group>"; };
		2842CF2E1B3EB09F0099A4E7 /* Images.xcassets */ = {isa = PBXFileReference; lastKnownFileType = folder.assetcatalog; path = Images.xcassets; sourceTree = "<group>"; };
		2842CF311B3EB09F0099A4E7 /* Base */ = {isa = PBXFileReference; lastKnownFileType = file.xib; name = Base; path = Base.lproj/LaunchScreen.xib; sourceTree = "<group>"; };
		2842CF371B3EB09F0099A4E7 /* imaginariumTests.xctest */ = {isa = PBXFileReference; explicitFileType = wrapper.cfbundle; includeInIndex = 0; path = imaginariumTests.xctest; sourceTree = BUILT_PRODUCTS_DIR; };
		2842CF3C1B3EB09F0099A4E7 /* Info.plist */ = {isa = PBXFileReference; lastKnownFileType = text.plist.xml; path = Info.plist; sourceTree = "<group>"; };
		2842CF3D1B3EB09F0099A4E7 /* imaginariumTests.m */ = {isa = PBXFileReference; lastKnownFileType = sourcecode.c.objc; path = imaginariumTests.m; sourceTree = "<group>"; };
/* End PBXFileReference section */

/* Begin PBXFrameworksBuildPhase section */
		2842CF1B1B3EB09F0099A4E7 /* Frameworks */ = {
			isa = PBXFrameworksBuildPhase;
			buildActionMask = 2147483647;
			files = (
			);
			runOnlyForDeploymentPostprocessing = 0;
		};
		2842CF341B3EB09F0099A4E7 /* Frameworks */ = {
			isa = PBXFrameworksBuildPhase;
			buildActionMask = 2147483647;
			files = (
			);
			runOnlyForDeploymentPostprocessing = 0;
		};
/* End PBXFrameworksBuildPhase section */

/* Begin PBXGroup section */
		2842CF151B3EB09F0099A4E7 = {
			isa = PBXGroup;
			children = (
				2842CF201B3EB09F0099A4E7 /* imaginarium */,
				2842CF3A1B3EB09F0099A4E7 /* imaginariumTests */,
				2842CF1F1B3EB09F0099A4E7 /* Products */,
			);
			sourceTree = "<group>";
		};
		2842CF1F1B3EB09F0099A4E7 /* Products */ = {
			isa = PBXGroup;
			children = (
				2842CF1E1B3EB09F0099A4E7 /* imaginarium.app */,
				2842CF371B3EB09F0099A4E7 /* imaginariumTests.xctest */,
			);
			name = Products;
			sourceTree = "<group>";
		};
		2842CF201B3EB09F0099A4E7 /* imaginarium */ = {
			isa = PBXGroup;
			children = (
				2842CF251B3EB09F0099A4E7 /* AppDelegate.h */,
				2842CF261B3EB09F0099A4E7 /* AppDelegate.m */,
				2842CF281B3EB09F0099A4E7 /* ViewController.h */,
				2842CF291B3EB09F0099A4E7 /* ViewController.m */,
				2842CF2B1B3EB09F0099A4E7 /* Main.storyboard */,
				2842CF2E1B3EB09F0099A4E7 /* Images.xcassets */,
				2842CF301B3EB09F0099A4E7 /* LaunchScreen.xib */,
				2842CF211B3EB09F0099A4E7 /* Supporting Files */,
			);
			path = imaginarium;
			sourceTree = "<group>";
		};
		2842CF211B3EB09F0099A4E7 /* Supporting Files */ = {
			isa = PBXGroup;
			children = (
				2842CF221B3EB09F0099A4E7 /* Info.plist */,
				2842CF231B3EB09F0099A4E7 /* main.m */,
			);
			name = "Supporting Files";
			sourceTree = "<group>";
		};
		2842CF3A1B3EB09F0099A4E7 /* imaginariumTests */ = {
			isa = PBXGroup;
			children = (
				2842CF3D1B3EB09F0099A4E7 /* imaginariumTests.m */,
				2842CF3B1B3EB09F0099A4E7 /* Supporting Files */,
			);
			path = imaginariumTests;
			sourceTree = "<group>";
		};
		2842CF3B1B3EB09F0099A4E7 /* Supporting Files */ = {
			isa = PBXGroup;
			children = (
				2842CF3C1B3EB09F0099A4E7 /* Info.plist */,
			);
			name = "Supporting Files";
			sourceTree = "<group>";
		};
/* End PBXGroup section */

/* Begin PBXNativeTarget section */
		2842CF1D1B3EB09F0099A4E7 /* imaginarium */ = {
			isa = PBXNativeTarget;
			buildConfigurationList = 2842CF411B3EB09F0099A4E7 /* Build configuration list for PBXNativeTarget "imaginarium" */;
			buildPhases = (
				2842CF1A1B3EB09F0099A4E7 /* Sources */,
				2842CF1B1B3EB09F0099A4E7 /* Frameworks */,
				2842CF1C1B3EB09F0099A4E7 /* Resources */,
			);
			buildRules = (
			);
			dependencies = (
			);
			name = imaginarium;
			productName = imaginarium;
			productReference = 2842CF1E1B3EB09F0099A4E7 /* imaginarium.app */;
			productType = "com.apple.product-type.application";
		};
		2842CF361B3EB09F0099A4E7 /* imaginariumTests */ = {
			isa = PBXNativeTarget;
			buildConfigurationList = 2842CF441B3EB09F0099A4E7 /* Build configuration list for PBXNativeTarget "imaginariumTests" */;
			buildPhases = (
				2842CF331B3EB09F0099A4E7 /* Sources */,
				2842CF341B3EB09F0099A4E7 /* Frameworks */,
				2842CF351B3EB09F0099A4E7 /* Resources */,
			);
			buildRules = (
			);
			dependencies = (
				2842CF391B3EB09F0099A4E7 /* PBXTargetDependency */,
			);
			name = imaginariumTests;
			productName = imaginariumTests;
			productReference = 2842CF371B3EB09F0099A4E7 /* imaginariumTests.xctest */;
			productType = "com.apple.product-type.bundle.unit-test";
		};
/* End PBXNativeTarget section */

/* Begin PBXProject section */
		2842CF161B3EB09F0099A4E7 /* Project object */ = {
			isa = PBXProject;
			attributes = {
				LastUpgradeCheck = 0630;
				ORGANIZATIONNAME = devinxu;
				TargetAttributes = {
					2842CF1D1B3EB09F0099A4E7 = {
						CreatedOnToolsVersion = 6.3.2;
					};
					2842CF361B3EB09F0099A4E7 = {
						CreatedOnToolsVersion = 6.3.2;
						TestTargetID = 2842CF1D1B3EB09F0099A4E7;
					};
				};
			};
			buildConfigurationList = 2842CF191B3EB09F0099A4E7 /* Build configuration list for PBXProject "imaginarium" */;
			compatibilityVersion = "Xcode 3.2";
			developmentRegion = English;
			hasScannedForEncodings = 0;
			knownRegions = (
				en,
				Base,
			);
			mainGroup = 2842CF151B3EB09F0099A4E7;
			productRefGroup = 2842CF1F1B3EB09F0099A4E7 /* Products */;
			projectDirPath = "";
			projectRoot = "";
			targets = (
				2842CF1D1B3EB09F0099A4E7 /* imaginarium */,
				2842CF361B3EB09F0099A4E7 /* imaginariumTests */,
			);
		};
/* End PBXProject section */

/* Begin PBXResourcesBuildPhase section */
		2842CF1C1B3EB09F0099A4E7 /* Resources */ = {
			isa = PBXResourcesBuildPhase;
			buildActionMask = 2147483647;
			files = (
				2842CF2D1B3EB09F0099A4E7 /* Main.storyboard in Resources */,
				2842CF321B3EB09F0099A4E7 /* LaunchScreen.xib in Resources */,
				2842CF2F1B3EB09F0099A4E7 /* Images.xcassets in Resources */,
			);
			runOnlyForDeploymentPostprocessing = 0;
		};
		2842CF351B3EB09F0099A4E7 /* Resources */ = {
			isa = PBXResourcesBuildPhase;
			buildActionMask = 2147483647;
			files = (
			);
			runOnlyForDeploymentPostprocessing = 0;
		};
/* End PBXResourcesBuildPhase section */

/* Begin PBXSourcesBuildPhase section */
		2842CF1A1B3EB09F0099A4E7 /* Sources */ = {
			isa = PBXSourcesBuildPhase;
			buildActionMask = 2147483647;
			files = (
				2842CF2A1B3EB09F0099A4E7 /* ViewController.m in Sources */,
				2842CF271B3EB09F0099A4E7 /* AppDelegate.m in Sources */,
				2842CF241B3EB09F0099A4E7 /* main.m in Sources */,
			);
			runOnlyForDeploymentPostprocessing = 0;
		};
		2842CF331B3EB09F0099A4E7 /* Sources */ = {
			isa = PBXSourcesBuildPhase;
			buildActionMask = 2147483647;
			files = (
				2842CF3E1B3EB09F0099A4E7 /* imaginariumTests.m in Sources */,
			);
			runOnlyForDeploymentPostprocessing = 0;
		};
/* End PBXSourcesBuildPhase section */

/* Begin PBXTargetDependency section */
		2842CF391B3EB09F0099A4E7 /* PBXTargetDependency */ = {
			isa = PBXTargetDependency;
			target = 2842CF1D1B3EB09F0099A4E7 /* imaginarium */;
			targetProxy = 2842CF381B3EB09F0099A4E7 /* PBXContainerItemProxy */;
		};
/* End PBXTargetDependency section */

/* Begin PBXVariantGroup section */
		2842CF2B1B3EB09F0099A4E7 /* Main.storyboard */ = {
			isa = PBXVariantGroup;
			children = (
				2842CF2C1B3EB09F0099A4E7 /* Base */,
			);
			name = Main.storyboard;
			sourceTree = "<group>";
		};
		2842CF301B3EB09F0099A4E7 /* LaunchScreen.xib */ = {
			isa = PBXVariantGroup;
			children = (
				2842CF311B3EB09F0099A4E7 /* Base */,
			);
			name = LaunchScreen.xib;
			sourceTree = "<group>";
		};
/* End PBXVariantGroup section */

/* Begin XCBuildConfiguration section */
		2842CF3F1B3EB09F0099A4E7 /* Debug */ = {
			isa = XCBuildConfiguration;
			buildSettings = {
				ALWAYS_SEARCH_USER_PATHS = NO;
				CLANG_CXX_LANGUAGE_STANDARD = "gnu++0x";
				CLANG_CXX_LIBRARY = "libc++";
				CLANG_ENABLE_MODULES = YES;
				CLANG_ENABLE_OBJC_ARC = YES;
				CLANG_WARN_BOOL_CONVERSION = YES;
				CLANG_WARN_CONSTANT_CONVERSION = YES;
				CLANG_WARN_DIRECT_OBJC_ISA_USAGE = YES_ERROR;
				CLANG_WARN_EMPTY_BODY = YES;
				CLANG_WARN_ENUM_CONVERSION = YES;
				CLANG_WARN_INT_CONVERSION = YES;
				CLANG_WARN_OBJC_ROOT_CLASS = YES_ERROR;
				CLANG_WARN_UNREACHABLE_CODE = YES;
				CLANG_WARN__DUPLICATE_METHOD_MATCH = YES;
				"CODE_SIGN_IDENTITY[sdk=iphoneos*]" = "iPhone Developer";
				COPY_PHASE_STRIP = NO;
				DEBUG_INFORMATION_FORMAT = "dwarf-with-dsym";
				ENABLE_STRICT_OBJC_MSGSEND = YES;
				GCC_C_LANGUAGE_STANDARD = gnu99;
				GCC_DYNAMIC_NO_PIC = NO;
				GCC_NO_COMMON_BLOCKS = YES;
				GCC_OPTIMIZATION_LEVEL = 0;
				GCC_PREPROCESSOR_DEFINITIONS = (
					"DEBUG=1",
					"$(inherited)",
				);
				GCC_SYMBOLS_PRIVATE_EXTERN = NO;
				GCC_WARN_64_TO_32_BIT_CONVERSION = YES;
				GCC_WARN_ABOUT_RETURN_TYPE = YES_ERROR;
				GCC_WARN_UNDECLARED_SELECTOR = YES;
				GCC_WARN_UNINITIALIZED_AUTOS = YES_AGGRESSIVE;
				GCC_WARN_UNUSED_FUNCTION = YES;
				GCC_WARN_UNUSED_VARIABLE = YES;
				IPHONEOS_DEPLOYMENT_TARGET = 8.3;
				MTL_ENABLE_DEBUG_INFO = YES;
				ONLY_ACTIVE_ARCH = YES;
				SDKROOT = iphoneos;
			};
			name = Debug;
		};
		2842CF401B3EB09F0099A4E7 /* Release */ = {
			isa = XCBuildConfiguration;
			buildSettings = {
				ALWAYS_SEARCH_USER_PATHS = NO;
				CLANG_CXX_LANGUAGE_STANDARD = "gnu++0x";
				CLANG_CXX_LIBRARY = "libc++";
				CLANG_ENABLE_MODULES = YES;
				CLANG_ENABLE_OBJC_ARC = YES;
				CLANG_WARN_BOOL_CONVERSION = YES;
				CLANG_WARN_CONSTANT_CONVERSION = YES;
				CLANG_WARN_DIRECT_OBJC_ISA_USAGE = YES_ERROR;
				CLANG_WARN_EMPTY_BODY = YES;
				CLANG_WARN_ENUM_CONVERSION = YES;
				CLANG_WARN_INT_CONVERSION = YES;
				CLANG_WARN_OBJC_ROOT_CLASS = YES_ERROR;
				CLANG_WARN_UNREACHABLE_CODE = YES;
				CLANG_WARN__DUPLICATE_METHOD_MATCH = YES;
				"CODE_SIGN_IDENTITY[sdk=iphoneos*]" = "iPhone Developer";
				COPY_PHASE_STRIP = NO;
				DEBUG_INFORMATION_FORMAT = "dwarf-with-dsym";
				ENABLE_NS_ASSERTIONS = NO;
				ENABLE_STRICT_OBJC_MSGSEND = YES;
				GCC_C_LANGUAGE_STANDARD = gnu99;
				GCC_NO_COMMON_BLOCKS = YES;
				GCC_WARN_64_TO_32_BIT_CONVERSION = YES;
				GCC_WARN_ABOUT_RETURN_TYPE = YES_ERROR;
				GCC_WARN_UNDECLARED_SELECTOR = YES;
				GCC_WARN_UNINITIALIZED_AUTOS = YES_AGGRESSIVE;
				GCC_WARN_UNUSED_FUNCTION = YES;
				GCC_WARN_UNUSED_VARIABLE = YES;
				IPHONEOS_DEPLOYMENT_TARGET = 8.3;
				MTL_ENABLE_DEBUG_INFO = NO;
				SDKROOT = iphoneos;
				VALIDATE_PRODUCT = YES;
			};
			name = Release;
		};
		2842CF421B3EB09F0099A4E7 /* Debug */ = {
			isa = XCBuildConfiguration;
			buildSettings = {
				ASSETCATALOG_COMPILER_APPICON_NAME = AppIcon;
				INFOPLIST_FILE = imaginarium/Info.plist;
				LD_RUNPATH_SEARCH_PATHS = "$(inherited) @executable_path/Frameworks";
				PRODUCT_NAME = "$(TARGET_NAME)";
			};
			name = Debug;
		};
		2842CF431B3EB09F0099A4E7 /* Release */ = {
			isa = XCBuildConfiguration;
			buildSettings = {
				ASSETCATALOG_COMPILER_APPICON_NAME = AppIcon;
				INFOPLIST_FILE = imaginarium/Info.plist;
				LD_RUNPATH_SEARCH_PATHS = "$(inherited) @executable_path/Frameworks";
				PRODUCT_NAME = "$(TARGET_NAME)";
			};
			name = Release;
		};
		2842CF451B3EB09F0099A4E7 /* Debug */ = {
			isa = XCBuildConfiguration;
			buildSettings = {
				BUNDLE_LOADER = "$(TEST_HOST)";
				FRAMEWORK_SEARCH_PATHS = (
					"$(SDKROOT)/Developer/Library/Frameworks",
					"$(inherited)",
				);
				GCC_PREPROCESSOR_DEFINITIONS = (
					"DEBUG=1",
					"$(inherited)",
				);
				INFOPLIST_FILE = imaginariumTests/Info.plist;
				LD_RUNPATH_SEARCH_PATHS = "$(inherited) @executable_path/Frameworks @loader_path/Frameworks";
				PRODUCT_NAME = "$(TARGET_NAME)";
				TEST_HOST = "$(BUILT_PRODUCTS_DIR)/imaginarium.app/imaginarium";
			};
			name = Debug;
		};
		2842CF461B3EB09F0099A4E7 /* Release */ = {
			isa = XCBuildConfiguration;
			buildSettings = {
				BUNDLE_LOADER = "$(TEST_HOST)";
				FRAMEWORK_SEARCH_PATHS = (
					"$(SDKROOT)/Developer/Library/Frameworks",
					"$(inherited)",
				);
				INFOPLIST_FILE = imaginariumTests/Info.plist;
				LD_RUNPATH_SEARCH_PATHS = "$(inherited) @executable_path/Frameworks @loader_path/Frameworks";
				PRODUCT_NAME = "$(TARGET_NAME)";
				TEST_HOST = "$(BUILT_PRODUCTS_DIR)/imaginarium.app/imaginarium";
			};
			name = Release;
		};
/* End XCBuildConfiguration section */

/* Begin XCConfigurationList section */
		2842CF191B3EB09F0099A4E7 /* Build configuration list for PBXProject "imaginarium" */ = {
			isa = XCConfigurationList;
			buildConfigurations = (
				2842CF3F1B3EB09F0099A4E7 /* Debug */,
				2842CF401B3EB09F0099A4E7 /* Release */,
			);
			defaultConfigurationIsVisible = 0;
			defaultConfigurationName = Release;
		};
		2842CF411B3EB09F0099A4E7 /* Build configuration list for PBXNativeTarget "imaginarium" */ = {
			isa = XCConfigurationList;
			buildConfigurations = (
				2842CF421B3EB09F0099A4E7 /* Debug */,
				2842CF431B3EB09F0099A4E7 /* Release */,
			);
			defaultConfigurationIsVisible = 0;
		};
		2842CF441B3EB09F0099A4E7 /* Build configuration list for PBXNativeTarget "imaginariumTests" */ = {
			isa = XCConfigurationList;
			buildConfigurations = (
				2842CF451B3EB09F0099A4E7 /* Debug */,
				2842CF461B3EB09F0099A4E7 /* Release */,
			);
			defaultConfigurationIsVisible = 0;
		};
/* End XCConfigurationList section */
	};
	rootObject = 2842CF161B3EB09F0099A4E7 /* Project object */;
}
